// !$*UTF8*$!
{
	archiveVersion = 1;
	classes = {
	};
	objectVersion = 55;
	objects = {

/* Begin PBXBuildFile section */
		2962B93529A50C5400A2E11F /* AppDelegate.swift in Sources */ = {isa = PBXBuildFile; fileRef = 2962B93429A50C5400A2E11F /* AppDelegate.swift */; };
		2962B93729A50C5400A2E11F /* SceneDelegate.swift in Sources */ = {isa = PBXBuildFile; fileRef = 2962B93629A50C5400A2E11F /* SceneDelegate.swift */; };
		2962B93929A50C5400A2E11F /* ViewController.swift in Sources */ = {isa = PBXBuildFile; fileRef = 2962B93829A50C5400A2E11F /* ViewController.swift */; };
		2962B93C29A50C5400A2E11F /* Main.storyboard in Resources */ = {isa = PBXBuildFile; fileRef = 2962B93A29A50C5400A2E11F /* Main.storyboard */; };
		2962B93E29A50C5600A2E11F /* Assets.xcassets in Resources */ = {isa = PBXBuildFile; fileRef = 2962B93D29A50C5600A2E11F /* Assets.xcassets */; };
		2962B94129A50C5600A2E11F /* LaunchScreen.storyboard in Resources */ = {isa = PBXBuildFile; fileRef = 2962B93F29A50C5600A2E11F /* LaunchScreen.storyboard */; };
		2962B94C29A50C5700A2E11F /* TemperatureAppTests.swift in Sources */ = {isa = PBXBuildFile; fileRef = 2962B94B29A50C5700A2E11F /* TemperatureAppTests.swift */; };
		2962B95629A50C5700A2E11F /* TemperatureAppUITests.swift in Sources */ = {isa = PBXBuildFile; fileRef = 2962B95529A50C5700A2E11F /* TemperatureAppUITests.swift */; };
		2962B95829A50C5700A2E11F /* TemperatureAppUITestsLaunchTests.swift in Sources */ = {isa = PBXBuildFile; fileRef = 2962B95729A50C5700A2E11F /* TemperatureAppUITestsLaunchTests.swift */; };
/* End PBXBuildFile section */

/* Begin PBXContainerItemProxy section */
		2962B94829A50C5700A2E11F /* PBXContainerItemProxy */ = {
			isa = PBXContainerItemProxy;
			containerPortal = 2962B92929A50C5400A2E11F /* Project object */;
			proxyType = 1;
			remoteGlobalIDString = 2962B93029A50C5400A2E11F;
			remoteInfo = TemperatureApp;
		};
		2962B95229A50C5700A2E11F /* PBXContainerItemProxy */ = {
			isa = PBXContainerItemProxy;
			containerPortal = 2962B92929A50C5400A2E11F /* Project object */;
			proxyType = 1;
			remoteGlobalIDString = 2962B93029A50C5400A2E11F;
			remoteInfo = TemperatureApp;
		};
/* End PBXContainerItemProxy section */

/* Begin PBXFileReference section */
		2962B93129A50C5400A2E11F /* TemperatureApp.app */ = {isa = PBXFileReference; explicitFileType = wrapper.application; includeInIndex = 0; path = TemperatureApp.app; sourceTree = BUILT_PRODUCTS_DIR; };
		2962B93429A50C5400A2E11F /* AppDelegate.swift */ = {isa = PBXFileReference; lastKnownFileType = sourcecode.swift; path = AppDelegate.swift; sourceTree = "<group>"; };
		2962B93629A50C5400A2E11F /* SceneDelegate.swift */ = {isa = PBXFileReference; lastKnownFileType = sourcecode.swift; path = SceneDelegate.swift; sourceTree = "<group>"; };
		2962B93829A50C5400A2E11F /* ViewController.swift */ = {isa = PBXFileReference; lastKnownFileType = sourcecode.swift; path = ViewController.swift; sourceTree = "<group>"; };
		2962B93B29A50C5400A2E11F /* Base */ = {isa = PBXFileReference; lastKnownFileType = file.storyboard; name = Base; path = Base.lproj/Main.storyboard; sourceTree = "<group>"; };
		2962B93D29A50C5600A2E11F /* Assets.xcassets */ = {isa = PBXFileReference; lastKnownFileType = folder.assetcatalog; path = Assets.xcassets; sourceTree = "<group>"; };
		2962B94029A50C5600A2E11F /* Base */ = {isa = PBXFileReference; lastKnownFileType = file.storyboard; name = Base; path = Base.lproj/LaunchScreen.storyboard; sourceTree = "<group>"; };
		2962B94229A50C5600A2E11F /* Info.plist */ = {isa = PBXFileReference; lastKnownFileType = text.plist.xml; path = Info.plist; sourceTree = "<group>"; };
		2962B94729A50C5700A2E11F /* TemperatureAppTests.xctest */ = {isa = PBXFileReference; explicitFileType = wrapper.cfbundle; includeInIndex = 0; path = TemperatureAppTests.xctest; sourceTree = BUILT_PRODUCTS_DIR; };
		2962B94B29A50C5700A2E11F /* TemperatureAppTests.swift */ = {isa = PBXFileReference; lastKnownFileType = sourcecode.swift; path = TemperatureAppTests.swift; sourceTree = "<group>"; };
		2962B95129A50C5700A2E11F /* TemperatureAppUITests.xctest */ = {isa = PBXFileReference; explicitFileType = wrapper.cfbundle; includeInIndex = 0; path = TemperatureAppUITests.xctest; sourceTree = BUILT_PRODUCTS_DIR; };
		2962B95529A50C5700A2E11F /* TemperatureAppUITests.swift */ = {isa = PBXFileReference; lastKnownFileType = sourcecode.swift; path = TemperatureAppUITests.swift; sourceTree = "<group>"; };
		2962B95729A50C5700A2E11F /* TemperatureAppUITestsLaunchTests.swift */ = {isa = PBXFileReference; lastKnownFileType = sourcecode.swift; path = TemperatureAppUITestsLaunchTests.swift; sourceTree = "<group>"; };
/* End PBXFileReference section */

/* Begin PBXFrameworksBuildPhase section */
		2962B92E29A50C5400A2E11F /* Frameworks */ = {
			isa = PBXFrameworksBuildPhase;
			buildActionMask = 2147483647;
			files = (
			);
			runOnlyForDeploymentPostprocessing = 0;
		};
		2962B94429A50C5700A2E11F /* Frameworks */ = {
			isa = PBXFrameworksBuildPhase;
			buildActionMask = 2147483647;
			files = (
			);
			runOnlyForDeploymentPostprocessing = 0;
		};
		2962B94E29A50C5700A2E11F /* Frameworks */ = {
			isa = PBXFrameworksBuildPhase;
			buildActionMask = 2147483647;
			files = (
			);
			runOnlyForDeploymentPostprocessing = 0;
		};
/* End PBXFrameworksBuildPhase section */

/* Begin PBXGroup section */
		2962B92829A50C5400A2E11F = {
			isa = PBXGroup;
			children = (
				2962B93329A50C5400A2E11F /* TemperatureApp */,
				2962B94A29A50C5700A2E11F /* TemperatureAppTests */,
				2962B95429A50C5700A2E11F /* TemperatureAppUITests */,
				2962B93229A50C5400A2E11F /* Products */,
			);
			sourceTree = "<group>";
		};
		2962B93229A50C5400A2E11F /* Products */ = {
			isa = PBXGroup;
			children = (
				2962B93129A50C5400A2E11F /* TemperatureApp.app */,
				2962B94729A50C5700A2E11F /* TemperatureAppTests.xctest */,
				2962B95129A50C5700A2E11F /* TemperatureAppUITests.xctest */,
			);
			name = Products;
			sourceTree = "<group>";
		};
		2962B93329A50C5400A2E11F /* TemperatureApp */ = {
			isa = PBXGroup;
			children = (
				2962B93429A50C5400A2E11F /* AppDelegate.swift */,
				2962B93629A50C5400A2E11F /* SceneDelegate.swift */,
				2962B93829A50C5400A2E11F /* ViewController.swift */,
				2962B93A29A50C5400A2E11F /* Main.storyboard */,
				2962B93D29A50C5600A2E11F /* Assets.xcassets */,
				2962B93F29A50C5600A2E11F /* LaunchScreen.storyboard */,
				2962B94229A50C5600A2E11F /* Info.plist */,
			);
			path = TemperatureApp;
			sourceTree = "<group>";
		};
		2962B94A29A50C5700A2E11F /* TemperatureAppTests */ = {
			isa = PBXGroup;
			children = (
				2962B94B29A50C5700A2E11F /* TemperatureAppTests.swift */,
			);
			path = TemperatureAppTests;
			sourceTree = "<group>";
		};
		2962B95429A50C5700A2E11F /* TemperatureAppUITests */ = {
			isa = PBXGroup;
			children = (
				2962B95529A50C5700A2E11F /* TemperatureAppUITests.swift */,
				2962B95729A50C5700A2E11F /* TemperatureAppUITestsLaunchTests.swift */,
			);
			path = TemperatureAppUITests;
			sourceTree = "<group>";
		};
/* End PBXGroup section */

/* Begin PBXNativeTarget section */
		2962B93029A50C5400A2E11F /* TemperatureApp */ = {
			isa = PBXNativeTarget;
			buildConfigurationList = 2962B95B29A50C5700A2E11F /* Build configuration list for PBXNativeTarget "TemperatureApp" */;
			buildPhases = (
				2962B92D29A50C5400A2E11F /* Sources */,
				2962B92E29A50C5400A2E11F /* Frameworks */,
				2962B92F29A50C5400A2E11F /* Resources */,
			);
			buildRules = (
			);
			dependencies = (
			);
			name = TemperatureApp;
			productName = TemperatureApp;
			productReference = 2962B93129A50C5400A2E11F /* TemperatureApp.app */;
			productType = "com.apple.product-type.application";
		};
		2962B94629A50C5700A2E11F /* TemperatureAppTests */ = {
			isa = PBXNativeTarget;
			buildConfigurationList = 2962B95E29A50C5700A2E11F /* Build configuration list for PBXNativeTarget "TemperatureAppTests" */;
			buildPhases = (
				2962B94329A50C5700A2E11F /* Sources */,
				2962B94429A50C5700A2E11F /* Frameworks */,
				2962B94529A50C5700A2E11F /* Resources */,
			);
			buildRules = (
			);
			dependencies = (
				2962B94929A50C5700A2E11F /* PBXTargetDependency */,
			);
			name = TemperatureAppTests;
			productName = TemperatureAppTests;
			productReference = 2962B94729A50C5700A2E11F /* TemperatureAppTests.xctest */;
			productType = "com.apple.product-type.bundle.unit-test";
		};
		2962B95029A50C5700A2E11F /* TemperatureAppUITests */ = {
			isa = PBXNativeTarget;
			buildConfigurationList = 2962B96129A50C5700A2E11F /* Build configuration list for PBXNativeTarget "TemperatureAppUITests" */;
			buildPhases = (
				2962B94D29A50C5700A2E11F /* Sources */,
				2962B94E29A50C5700A2E11F /* Frameworks */,
				2962B94F29A50C5700A2E11F /* Resources */,
			);
			buildRules = (
			);
			dependencies = (
				2962B95329A50C5700A2E11F /* PBXTargetDependency */,
			);
			name = TemperatureAppUITests;
			productName = TemperatureAppUITests;
			productReference = 2962B95129A50C5700A2E11F /* TemperatureAppUITests.xctest */;
			productType = "com.apple.product-type.bundle.ui-testing";
		};
/* End PBXNativeTarget section */

/* Begin PBXProject section */
		2962B92929A50C5400A2E11F /* Project object */ = {
			isa = PBXProject;
			attributes = {
				BuildIndependentTargetsInParallel = 1;
				LastSwiftUpdateCheck = 1340;
				LastUpgradeCheck = 1340;
				TargetAttributes = {
					2962B93029A50C5400A2E11F = {
						CreatedOnToolsVersion = 13.4.1;
					};
					2962B94629A50C5700A2E11F = {
						CreatedOnToolsVersion = 13.4.1;
						TestTargetID = 2962B93029A50C5400A2E11F;
					};
					2962B95029A50C5700A2E11F = {
						CreatedOnToolsVersion = 13.4.1;
						TestTargetID = 2962B93029A50C5400A2E11F;
					};
				};
			};
			buildConfigurationList = 2962B92C29A50C5400A2E11F /* Build configuration list for PBXProject "TemperatureApp" */;
			compatibilityVersion = "Xcode 13.0";
			developmentRegion = en;
			hasScannedForEncodings = 0;
			knownRegions = (
				en,
				Base,
			);
			mainGroup = 2962B92829A50C5400A2E11F;
			productRefGroup = 2962B93229A50C5400A2E11F /* Products */;
			projectDirPath = "";
			projectRoot = "";
			targets = (
				2962B93029A50C5400A2E11F /* TemperatureApp */,
				2962B94629A50C5700A2E11F /* TemperatureAppTests */,
				2962B95029A50C5700A2E11F /* TemperatureAppUITests */,
			);
		};
/* End PBXProject section */

/* Begin PBXResourcesBuildPhase section */
		2962B92F29A50C5400A2E11F /* Resources */ = {
			isa = PBXResourcesBuildPhase;
			buildActionMask = 2147483647;
			files = (
				2962B94129A50C5600A2E11F /* LaunchScreen.storyboard in Resources */,
				2962B93E29A50C5600A2E11F /* Assets.xcassets in Resources */,
				2962B93C29A50C5400A2E11F /* Main.storyboard in Resources */,
			);
			runOnlyForDeploymentPostprocessing = 0;
		};
		2962B94529A50C5700A2E11F /* Resources */ = {
			isa = PBXResourcesBuildPhase;
			buildActionMask = 2147483647;
			files = (
			);
			runOnlyForDeploymentPostprocessing = 0;
		};
		2962B94F29A50C5700A2E11F /* Resources */ = {
			isa = PBXResourcesBuildPhase;
			buildActionMask = 2147483647;
			files = (
			);
			runOnlyForDeploymentPostprocessing = 0;
		};
/* End PBXResourcesBuildPhase section */

/* Begin PBXSourcesBuildPhase section */
		2962B92D29A50C5400A2E11F /* Sources */ = {
			isa = PBXSourcesBuildPhase;
			buildActionMask = 2147483647;
			files = (
				2962B93929A50C5400A2E11F /* ViewController.swift in Sources */,
				2962B93529A50C5400A2E11F /* AppDelegate.swift in Sources */,
				2962B93729A50C5400A2E11F /* SceneDelegate.swift in Sources */,
			);
			runOnlyForDeploymentPostprocessing = 0;
		};
		2962B94329A50C5700A2E11F /* Sources */ = {
			isa = PBXSourcesBuildPhase;
			buildActionMask = 2147483647;
			files = (
				2962B94C29A50C5700A2E11F /* TemperatureAppTests.swift in Sources */,
			);
			runOnlyForDeploymentPostprocessing = 0;
		};
		2962B94D29A50C5700A2E11F /* Sources */ = {
			isa = PBXSourcesBuildPhase;
			buildActionMask = 2147483647;
			files = (
				2962B95629A50C5700A2E11F /* TemperatureAppUITests.swift in Sources */,
				2962B95829A50C5700A2E11F /* TemperatureAppUITestsLaunchTests.swift in Sources */,
			);
			runOnlyForDeploymentPostprocessing = 0;
		};
/* End PBXSourcesBuildPhase section */

/* Begin PBXTargetDependency section */
		2962B94929A50C5700A2E11F /* PBXTargetDependency */ = {
			isa = PBXTargetDependency;
			target = 2962B93029A50C5400A2E11F /* TemperatureApp */;
			targetProxy = 2962B94829A50C5700A2E11F /* PBXContainerItemProxy */;
		};
		2962B95329A50C5700A2E11F /* PBXTargetDependency */ = {
			isa = PBXTargetDependency;
			target = 2962B93029A50C5400A2E11F /* TemperatureApp */;
			targetProxy = 2962B95229A50C5700A2E11F /* PBXContainerItemProxy */;
		};
/* End PBXTargetDependency section */

/* Begin PBXVariantGroup section */
		2962B93A29A50C5400A2E11F /* Main.storyboard */ = {
			isa = PBXVariantGroup;
			children = (
				2962B93B29A50C5400A2E11F /* Base */,
			);
			name = Main.storyboard;
			sourceTree = "<group>";
		};
		2962B93F29A50C5600A2E11F /* LaunchScreen.storyboard */ = {
			isa = PBXVariantGroup;
			children = (
				2962B94029A50C5600A2E11F /* Base */,
			);
			name = LaunchScreen.storyboard;
			sourceTree = "<group>";
		};
/* End PBXVariantGroup section */

/* Begin XCBuildConfiguration section */
		2962B95929A50C5700A2E11F /* Debug */ = {
			isa = XCBuildConfiguration;
			buildSettings = {
				ALWAYS_SEARCH_USER_PATHS = NO;
				CLANG_ANALYZER_NONNULL = YES;
				CLANG_ANALYZER_NUMBER_OBJECT_CONVERSION = YES_AGGRESSIVE;
				CLANG_CXX_LANGUAGE_STANDARD = "gnu++17";
				CLANG_ENABLE_MODULES = YES;
				CLANG_ENABLE_OBJC_ARC = YES;
				CLANG_ENABLE_OBJC_WEAK = YES;
				CLANG_WARN_BLOCK_CAPTURE_AUTORELEASING = YES;
				CLANG_WARN_BOOL_CONVERSION = YES;
				CLANG_WARN_COMMA = YES;
				CLANG_WARN_CONSTANT_CONVERSION = YES;
				CLANG_WARN_DEPRECATED_OBJC_IMPLEMENTATIONS = YES;
				CLANG_WARN_DIRECT_OBJC_ISA_USAGE = YES_ERROR;
				CLANG_WARN_DOCUMENTATION_COMMENTS = YES;
				CLANG_WARN_EMPTY_BODY = YES;
				CLANG_WARN_ENUM_CONVERSION = YES;
				CLANG_WARN_INFINITE_RECURSION = YES;
				CLANG_WARN_INT_CONVERSION = YES;
				CLANG_WARN_NON_LITERAL_NULL_CONVERSION = YES;
				CLANG_WARN_OBJC_IMPLICIT_RETAIN_SELF = YES;
				CLANG_WARN_OBJC_LITERAL_CONVERSION = YES;
				CLANG_WARN_OBJC_ROOT_CLASS = YES_ERROR;
				CLANG_WARN_QUOTED_INCLUDE_IN_FRAMEWORK_HEADER = YES;
				CLANG_WARN_RANGE_LOOP_ANALYSIS = YES;
				CLANG_WARN_STRICT_PROTOTYPES = YES;
				CLANG_WARN_SUSPICIOUS_MOVE = YES;
				CLANG_WARN_UNGUARDED_AVAILABILITY = YES_AGGRESSIVE;
				CLANG_WARN_UNREACHABLE_CODE = YES;
				CLANG_WARN__DUPLICATE_METHOD_MATCH = YES;
				COPY_PHASE_STRIP = NO;
				DEBUG_INFORMATION_FORMAT = dwarf;
				ENABLE_STRICT_OBJC_MSGSEND = YES;
				ENABLE_TESTABILITY = YES;
				GCC_C_LANGUAGE_STANDARD = gnu11;
				GCC_DYNAMIC_NO_PIC = NO;
				GCC_NO_COMMON_BLOCKS = YES;
				GCC_OPTIMIZATION_LEVEL = 0;
				GCC_PREPROCESSOR_DEFINITIONS = (
					"DEBUG=1",
					"$(inherited)",
				);
				GCC_WARN_64_TO_32_BIT_CONVERSION = YES;
				GCC_WARN_ABOUT_RETURN_TYPE = YES_ERROR;
				GCC_WARN_UNDECLARED_SELECTOR = YES;
				GCC_WARN_UNINITIALIZED_AUTOS = YES_AGGRESSIVE;
				GCC_WARN_UNUSED_FUNCTION = YES;
				GCC_WARN_UNUSED_VARIABLE = YES;
				IPHONEOS_DEPLOYMENT_TARGET = 15.5;
				MTL_ENABLE_DEBUG_INFO = INCLUDE_SOURCE;
				MTL_FAST_MATH = YES;
				ONLY_ACTIVE_ARCH = YES;
				SDKROOT = iphoneos;
				SWIFT_ACTIVE_COMPILATION_CONDITIONS = DEBUG;
				SWIFT_OPTIMIZATION_LEVEL = "-Onone";
			};
			name = Debug;
		};
		2962B95A29A50C5700A2E11F /* Release */ = {
			isa = XCBuildConfiguration;
			buildSettings = {
				ALWAYS_SEARCH_USER_PATHS = NO;
				CLANG_ANALYZER_NONNULL = YES;
				CLANG_ANALYZER_NUMBER_OBJECT_CONVERSION = YES_AGGRESSIVE;
				CLANG_CXX_LANGUAGE_STANDARD = "gnu++17";
				CLANG_ENABLE_MODULES = YES;
				CLANG_ENABLE_OBJC_ARC = YES;
				CLANG_ENABLE_OBJC_WEAK = YES;
				CLANG_WARN_BLOCK_CAPTURE_AUTORELEASING = YES;
				CLANG_WARN_BOOL_CONVERSION = YES;
				CLANG_WARN_COMMA = YES;
				CLANG_WARN_CONSTANT_CONVERSION = YES;
				CLANG_WARN_DEPRECATED_OBJC_IMPLEMENTATIONS = YES;
				CLANG_WARN_DIRECT_OBJC_ISA_USAGE = YES_ERROR;
				CLANG_WARN_DOCUMENTATION_COMMENTS = YES;
				CLANG_WARN_EMPTY_BODY = YES;
				CLANG_WARN_ENUM_CONVERSION = YES;
				CLANG_WARN_INFINITE_RECURSION = YES;
				CLANG_WARN_INT_CONVERSION = YES;
				CLANG_WARN_NON_LITERAL_NULL_CONVERSION = YES;
				CLANG_WARN_OBJC_IMPLICIT_RETAIN_SELF = YES;
				CLANG_WARN_OBJC_LITERAL_CONVERSION = YES;
				CLANG_WARN_OBJC_ROOT_CLASS = YES_ERROR;
				CLANG_WARN_QUOTED_INCLUDE_IN_FRAMEWORK_HEADER = YES;
				CLANG_WARN_RANGE_LOOP_ANALYSIS = YES;
				CLANG_WARN_STRICT_PROTOTYPES = YES;
				CLANG_WARN_SUSPICIOUS_MOVE = YES;
				CLANG_WARN_UNGUARDED_AVAILABILITY = YES_AGGRESSIVE;
				CLANG_WARN_UNREACHABLE_CODE = YES;
				CLANG_WARN__DUPLICATE_METHOD_MATCH = YES;
				COPY_PHASE_STRIP = NO;
				DEBUG_INFORMATION_FORMAT = "dwarf-with-dsym";
				ENABLE_NS_ASSERTIONS = NO;
				ENABLE_STRICT_OBJC_MSGSEND = YES;
				GCC_C_LANGUAGE_STANDARD = gnu11;
				GCC_NO_COMMON_BLOCKS = YES;
				GCC_WARN_64_TO_32_BIT_CONVERSION = YES;
				GCC_WARN_ABOUT_RETURN_TYPE = YES_ERROR;
				GCC_WARN_UNDECLARED_SELECTOR = YES;
				GCC_WARN_UNINITIALIZED_AUTOS = YES_AGGRESSIVE;
				GCC_WARN_UNUSED_FUNCTION = YES;
				GCC_WARN_UNUSED_VARIABLE = YES;
				IPHONEOS_DEPLOYMENT_TARGET = 15.5;
				MTL_ENABLE_DEBUG_INFO = NO;
				MTL_FAST_MATH = YES;
				SDKROOT = iphoneos;
				SWIFT_COMPILATION_MODE = wholemodule;
				SWIFT_OPTIMIZATION_LEVEL = "-O";
				VALIDATE_PRODUCT = YES;
			};
			name = Release;
		};
		2962B95C29A50C5700A2E11F /* Debug */ = {
			isa = XCBuildConfiguration;
			buildSettings = {
				ASSETCATALOG_COMPILER_APPICON_NAME = AppIcon;
				ASSETCATALOG_COMPILER_GLOBAL_ACCENT_COLOR_NAME = AccentColor;
				CODE_SIGN_STYLE = Automatic;
				CURRENT_PROJECT_VERSION = 1;
				GENERATE_INFOPLIST_FILE = YES;
				INFOPLIST_FILE = TemperatureApp/Info.plist;
				INFOPLIST_KEY_CFBundleDisplayName = TemperatureApp;
				INFOPLIST_KEY_UIApplicationSupportsIndirectInputEvents = YES;
				INFOPLIST_KEY_UILaunchStoryboardName = LaunchScreen;
				INFOPLIST_KEY_UIMainStoryboardFile = Main;
				INFOPLIST_KEY_UISupportedInterfaceOrientations_iPad = "UIInterfaceOrientationPortrait UIInterfaceOrientationPortraitUpsideDown UIInterfaceOrientationLandscapeLeft UIInterfaceOrientationLandscapeRight";
				INFOPLIST_KEY_UISupportedInterfaceOrientations_iPhone = "UIInterfaceOrientationPortrait UIInterfaceOrientationLandscapeLeft UIInterfaceOrientationLandscapeRight";
				IPHONEOS_DEPLOYMENT_TARGET = 15.0;
				LD_RUNPATH_SEARCH_PATHS = (
					"$(inherited)",
					"@executable_path/Frameworks",
				);
				MARKETING_VERSION = 1.0;
				PRODUCT_BUNDLE_IDENTIFIER = nwmissouri.edu.TemperatureApp;
				PRODUCT_NAME = "$(TARGET_NAME)";
				SWIFT_EMIT_LOC_STRINGS = YES;
				SWIFT_VERSION = 5.0;
				TARGETED_DEVICE_FAMILY = "1,2";
			};
			name = Debug;
		};
		2962B95D29A50C5700A2E11F /* Release */ = {
			isa = XCBuildConfiguration;
			buildSettings = {
				ASSETCATALOG_COMPILER_APPICON_NAME = AppIcon;
				ASSETCATALOG_COMPILER_GLOBAL_ACCENT_COLOR_NAME = AccentColor;
				CODE_SIGN_STYLE = Automatic;
				CURRENT_PROJECT_VERSION = 1;
				GENERATE_INFOPLIST_FILE = YES;
				INFOPLIST_FILE = TemperatureApp/Info.plist;
				INFOPLIST_KEY_CFBundleDisplayName = TemperatureApp;
				INFOPLIST_KEY_UIApplicationSupportsIndirectInputEvents = YES;
				INFOPLIST_KEY_UILaunchStoryboardName = LaunchScreen;
				INFOPLIST_KEY_UIMainStoryboardFile = Main;
				INFOPLIST_KEY_UISupportedInterfaceOrientations_iPad = "UIInterfaceOrientationPortrait UIInterfaceOrientationPortraitUpsideDown UIInterfaceOrientationLandscapeLeft UIInterfaceOrientationLandscapeRight";
				INFOPLIST_KEY_UISupportedInterfaceOrientations_iPhone = "UIInterfaceOrientationPortrait UIInterfaceOrientationLandscapeLeft UIInterfaceOrientationLandscapeRight";
				IPHONEOS_DEPLOYMENT_TARGET = 15.0;
				LD_RUNPATH_SEARCH_PATHS = (
					"$(inherited)",
					"@executable_path/Frameworks",
				);
				MARKETING_VERSION = 1.0;
				PRODUCT_BUNDLE_IDENTIFIER = nwmissouri.edu.TemperatureApp;
				PRODUCT_NAME = "$(TARGET_NAME)";
				SWIFT_EMIT_LOC_STRINGS = YES;
				SWIFT_VERSION = 5.0;
				TARGETED_DEVICE_FAMILY = "1,2";
			};
			name = Release;
		};
		2962B95F29A50C5700A2E11F /* Debug */ = {
			isa = XCBuildConfiguration;
			buildSettings = {
				ALWAYS_EMBED_SWIFT_STANDARD_LIBRARIES = YES;
				BUNDLE_LOADER = "$(TEST_HOST)";
				CODE_SIGN_STYLE = Automatic;
				CURRENT_PROJECT_VERSION = 1;
				GENERATE_INFOPLIST_FILE = YES;
				IPHONEOS_DEPLOYMENT_TARGET = 15.5;
				MARKETING_VERSION = 1.0;
				PRODUCT_BUNDLE_IDENTIFIER = nwmissouri.edu.TemperatureAppTests;
				PRODUCT_NAME = "$(TARGET_NAME)";
				SWIFT_EMIT_LOC_STRINGS = NO;
				SWIFT_VERSION = 5.0;
				TARGETED_DEVICE_FAMILY = "1,2";
				TEST_HOST = "$(BUILT_PRODUCTS_DIR)/TemperatureApp.app/TemperatureApp";
			};
			name = Debug;
		};
		2962B96029A50C5700A2E11F /* Release */ = {
			isa = XCBuildConfiguration;
			buildSettings = {
				ALWAYS_EMBED_SWIFT_STANDARD_LIBRARIES = YES;
				BUNDLE_LOADER = "$(TEST_HOST)";
				CODE_SIGN_STYLE = Automatic;
				CURRENT_PROJECT_VERSION = 1;
				GENERATE_INFOPLIST_FILE = YES;
				IPHONEOS_DEPLOYMENT_TARGET = 15.5;
				MARKETING_VERSION = 1.0;
				PRODUCT_BUNDLE_IDENTIFIER = nwmissouri.edu.TemperatureAppTests;
				PRODUCT_NAME = "$(TARGET_NAME)";
				SWIFT_EMIT_LOC_STRINGS = NO;
				SWIFT_VERSION = 5.0;
				TARGETED_DEVICE_FAMILY = "1,2";
				TEST_HOST = "$(BUILT_PRODUCTS_DIR)/TemperatureApp.app/TemperatureApp";
			};
			name = Release;
		};
		2962B96229A50C5700A2E11F /* Debug */ = {
			isa = XCBuildConfiguration;
			buildSettings = {
				ALWAYS_EMBED_SWIFT_STANDARD_LIBRARIES = YES;
				CODE_SIGN_STYLE = Automatic;
				CURRENT_PROJECT_VERSION = 1;
				GENERATE_INFOPLIST_FILE = YES;
				MARKETING_VERSION = 1.0;
				PRODUCT_BUNDLE_IDENTIFIER = nwmissouri.edu.TemperatureAppUITests;
				PRODUCT_NAME = "$(TARGET_NAME)";
				SWIFT_EMIT_LOC_STRINGS = NO;
				SWIFT_VERSION = 5.0;
				TARGETED_DEVICE_FAMILY = "1,2";
				TEST_TARGET_NAME = TemperatureApp;
			};
			name = Debug;
		};
		2962B96329A50C5700A2E11F /* Release */ = {
			isa = XCBuildConfiguration;
			buildSettings = {
				ALWAYS_EMBED_SWIFT_STANDARD_LIBRARIES = YES;
				CODE_SIGN_STYLE = Automatic;
				CURRENT_PROJECT_VERSION = 1;
				GENERATE_INFOPLIST_FILE = YES;
				MARKETING_VERSION = 1.0;
				PRODUCT_BUNDLE_IDENTIFIER = nwmissouri.edu.TemperatureAppUITests;
				PRODUCT_NAME = "$(TARGET_NAME)";
				SWIFT_EMIT_LOC_STRINGS = NO;
				SWIFT_VERSION = 5.0;
				TARGETED_DEVICE_FAMILY = "1,2";
				TEST_TARGET_NAME = TemperatureApp;
			};
			name = Release;
		};
/* End XCBuildConfiguration section */

/* Begin XCConfigurationList section */
		2962B92C29A50C5400A2E11F /* Build configuration list for PBXProject "TemperatureApp" */ = {
			isa = XCConfigurationList;
			buildConfigurations = (
				2962B95929A50C5700A2E11F /* Debug */,
				2962B95A29A50C5700A2E11F /* Release */,
			);
			defaultConfigurationIsVisible = 0;
			defaultConfigurationName = Release;
		};
		2962B95B29A50C5700A2E11F /* Build configuration list for PBXNativeTarget "TemperatureApp" */ = {
			isa = XCConfigurationList;
			buildConfigurations = (
				2962B95C29A50C5700A2E11F /* Debug */,
				2962B95D29A50C5700A2E11F /* Release */,
			);
			defaultConfigurationIsVisible = 0;
			defaultConfigurationName = Release;
		};
		2962B95E29A50C5700A2E11F /* Build configuration list for PBXNativeTarget "TemperatureAppTests" */ = {
			isa = XCConfigurationList;
			buildConfigurations = (
				2962B95F29A50C5700A2E11F /* Debug */,
				2962B96029A50C5700A2E11F /* Release */,
			);
			defaultConfigurationIsVisible = 0;
			defaultConfigurationName = Release;
		};
		2962B96129A50C5700A2E11F /* Build configuration list for PBXNativeTarget "TemperatureAppUITests" */ = {
			isa = XCConfigurationList;
			buildConfigurations = (
				2962B96229A50C5700A2E11F /* Debug */,
				2962B96329A50C5700A2E11F /* Release */,
			);
			defaultConfigurationIsVisible = 0;
			defaultConfigurationName = Release;
		};
/* End XCConfigurationList section */
	};
	rootObject = 2962B92929A50C5400A2E11F /* Project object */;
}
