// !$*UTF8*$!
{
	archiveVersion = 1;
	classes = {
	};
	objectVersion = 56;
	objects = {

/* Begin PBXBuildFile section */
		C62ADFDB29ADA3B8006F0648 /* AppDelegate.swift in Sources */ = {isa = PBXBuildFile; fileRef = C62ADFDA29ADA3B8006F0648 /* AppDelegate.swift */; };
		C62ADFDD29ADA3B8006F0648 /* SceneDelegate.swift in Sources */ = {isa = PBXBuildFile; fileRef = C62ADFDC29ADA3B8006F0648 /* SceneDelegate.swift */; };
		C62ADFDF29ADA3B8006F0648 /* ViewController.swift in Sources */ = {isa = PBXBuildFile; fileRef = C62ADFDE29ADA3B8006F0648 /* ViewController.swift */; };
		C62ADFE229ADA3B8006F0648 /* Main.storyboard in Resources */ = {isa = PBXBuildFile; fileRef = C62ADFE029ADA3B8006F0648 /* Main.storyboard */; };
		C62ADFE429ADA3BA006F0648 /* Assets.xcassets in Resources */ = {isa = PBXBuildFile; fileRef = C62ADFE329ADA3BA006F0648 /* Assets.xcassets */; };
		C62ADFE729ADA3BA006F0648 /* LaunchScreen.storyboard in Resources */ = {isa = PBXBuildFile; fileRef = C62ADFE529ADA3BA006F0648 /* LaunchScreen.storyboard */; };
		C62ADFF229ADA3BA006F0648 /* Sample_PractiseTests.swift in Sources */ = {isa = PBXBuildFile; fileRef = C62ADFF129ADA3BA006F0648 /* Sample_PractiseTests.swift */; };
		C62ADFFC29ADA3BA006F0648 /* Sample_PractiseUITests.swift in Sources */ = {isa = PBXBuildFile; fileRef = C62ADFFB29ADA3BA006F0648 /* Sample_PractiseUITests.swift */; };
		C62ADFFE29ADA3BA006F0648 /* Sample_PractiseUITestsLaunchTests.swift in Sources */ = {isa = PBXBuildFile; fileRef = C62ADFFD29ADA3BA006F0648 /* Sample_PractiseUITestsLaunchTests.swift */; };
/* End PBXBuildFile section */

/* Begin PBXContainerItemProxy section */
		C62ADFEE29ADA3BA006F0648 /* PBXContainerItemProxy */ = {
			isa = PBXContainerItemProxy;
			containerPortal = C62ADFCF29ADA3B8006F0648 /* Project object */;
			proxyType = 1;
			remoteGlobalIDString = C62ADFD629ADA3B8006F0648;
			remoteInfo = Sample_Practise;
		};
		C62ADFF829ADA3BA006F0648 /* PBXContainerItemProxy */ = {
			isa = PBXContainerItemProxy;
			containerPortal = C62ADFCF29ADA3B8006F0648 /* Project object */;
			proxyType = 1;
			remoteGlobalIDString = C62ADFD629ADA3B8006F0648;
			remoteInfo = Sample_Practise;
		};
/* End PBXContainerItemProxy section */

/* Begin PBXFileReference section */
		C62ADFD729ADA3B8006F0648 /* Sample_Practise.app */ = {isa = PBXFileReference; explicitFileType = wrapper.application; includeInIndex = 0; path = Sample_Practise.app; sourceTree = BUILT_PRODUCTS_DIR; };
		C62ADFDA29ADA3B8006F0648 /* AppDelegate.swift */ = {isa = PBXFileReference; lastKnownFileType = sourcecode.swift; path = AppDelegate.swift; sourceTree = "<group>"; };
		C62ADFDC29ADA3B8006F0648 /* SceneDelegate.swift */ = {isa = PBXFileReference; lastKnownFileType = sourcecode.swift; path = SceneDelegate.swift; sourceTree = "<group>"; };
		C62ADFDE29ADA3B8006F0648 /* ViewController.swift */ = {isa = PBXFileReference; lastKnownFileType = sourcecode.swift; path = ViewController.swift; sourceTree = "<group>"; };
		C62ADFE129ADA3B8006F0648 /* Base */ = {isa = PBXFileReference; lastKnownFileType = file.storyboard; name = Base; path = Base.lproj/Main.storyboard; sourceTree = "<group>"; };
		C62ADFE329ADA3BA006F0648 /* Assets.xcassets */ = {isa = PBXFileReference; lastKnownFileType = folder.assetcatalog; path = Assets.xcassets; sourceTree = "<group>"; };
		C62ADFE629ADA3BA006F0648 /* Base */ = {isa = PBXFileReference; lastKnownFileType = file.storyboard; name = Base; path = Base.lproj/LaunchScreen.storyboard; sourceTree = "<group>"; };
		C62ADFE829ADA3BA006F0648 /* Info.plist */ = {isa = PBXFileReference; lastKnownFileType = text.plist.xml; path = Info.plist; sourceTree = "<group>"; };
		C62ADFED29ADA3BA006F0648 /* Sample_PractiseTests.xctest */ = {isa = PBXFileReference; explicitFileType = wrapper.cfbundle; includeInIndex = 0; path = Sample_PractiseTests.xctest; sourceTree = BUILT_PRODUCTS_DIR; };
		C62ADFF129ADA3BA006F0648 /* Sample_PractiseTests.swift */ = {isa = PBXFileReference; lastKnownFileType = sourcecode.swift; path = Sample_PractiseTests.swift; sourceTree = "<group>"; };
		C62ADFF729ADA3BA006F0648 /* Sample_PractiseUITests.xctest */ = {isa = PBXFileReference; explicitFileType = wrapper.cfbundle; includeInIndex = 0; path = Sample_PractiseUITests.xctest; sourceTree = BUILT_PRODUCTS_DIR; };
		C62ADFFB29ADA3BA006F0648 /* Sample_PractiseUITests.swift */ = {isa = PBXFileReference; lastKnownFileType = sourcecode.swift; path = Sample_PractiseUITests.swift; sourceTree = "<group>"; };
		C62ADFFD29ADA3BA006F0648 /* Sample_PractiseUITestsLaunchTests.swift */ = {isa = PBXFileReference; lastKnownFileType = sourcecode.swift; path = Sample_PractiseUITestsLaunchTests.swift; sourceTree = "<group>"; };
/* End PBXFileReference section */

/* Begin PBXFrameworksBuildPhase section */
		C62ADFD429ADA3B8006F0648 /* Frameworks */ = {
			isa = PBXFrameworksBuildPhase;
			buildActionMask = 2147483647;
			files = (
			);
			runOnlyForDeploymentPostprocessing = 0;
		};
		C62ADFEA29ADA3BA006F0648 /* Frameworks */ = {
			isa = PBXFrameworksBuildPhase;
			buildActionMask = 2147483647;
			files = (
			);
			runOnlyForDeploymentPostprocessing = 0;
		};
		C62ADFF429ADA3BA006F0648 /* Frameworks */ = {
			isa = PBXFrameworksBuildPhase;
			buildActionMask = 2147483647;
			files = (
			);
			runOnlyForDeploymentPostprocessing = 0;
		};
/* End PBXFrameworksBuildPhase section */

/* Begin PBXGroup section */
		C62ADFCE29ADA3B8006F0648 = {
			isa = PBXGroup;
			children = (
				C62ADFD929ADA3B8006F0648 /* Sample_Practise */,
				C62ADFF029ADA3BA006F0648 /* Sample_PractiseTests */,
				C62ADFFA29ADA3BA006F0648 /* Sample_PractiseUITests */,
				C62ADFD829ADA3B8006F0648 /* Products */,
			);
			sourceTree = "<group>";
		};
		C62ADFD829ADA3B8006F0648 /* Products */ = {
			isa = PBXGroup;
			children = (
				C62ADFD729ADA3B8006F0648 /* Sample_Practise.app */,
				C62ADFED29ADA3BA006F0648 /* Sample_PractiseTests.xctest */,
				C62ADFF729ADA3BA006F0648 /* Sample_PractiseUITests.xctest */,
			);
			name = Products;
			sourceTree = "<group>";
		};
		C62ADFD929ADA3B8006F0648 /* Sample_Practise */ = {
			isa = PBXGroup;
			children = (
				C62ADFDA29ADA3B8006F0648 /* AppDelegate.swift */,
				C62ADFDC29ADA3B8006F0648 /* SceneDelegate.swift */,
				C62ADFDE29ADA3B8006F0648 /* ViewController.swift */,
				C62ADFE029ADA3B8006F0648 /* Main.storyboard */,
				C62ADFE329ADA3BA006F0648 /* Assets.xcassets */,
				C62ADFE529ADA3BA006F0648 /* LaunchScreen.storyboard */,
				C62ADFE829ADA3BA006F0648 /* Info.plist */,
			);
			path = Sample_Practise;
			sourceTree = "<group>";
		};
		C62ADFF029ADA3BA006F0648 /* Sample_PractiseTests */ = {
			isa = PBXGroup;
			children = (
				C62ADFF129ADA3BA006F0648 /* Sample_PractiseTests.swift */,
			);
			path = Sample_PractiseTests;
			sourceTree = "<group>";
		};
		C62ADFFA29ADA3BA006F0648 /* Sample_PractiseUITests */ = {
			isa = PBXGroup;
			children = (
				C62ADFFB29ADA3BA006F0648 /* Sample_PractiseUITests.swift */,
				C62ADFFD29ADA3BA006F0648 /* Sample_PractiseUITestsLaunchTests.swift */,
			);
			path = Sample_PractiseUITests;
			sourceTree = "<group>";
		};
/* End PBXGroup section */

/* Begin PBXNativeTarget section */
		C62ADFD629ADA3B8006F0648 /* Sample_Practise */ = {
			isa = PBXNativeTarget;
			buildConfigurationList = C62AE00129ADA3BA006F0648 /* Build configuration list for PBXNativeTarget "Sample_Practise" */;
			buildPhases = (
				C62ADFD329ADA3B8006F0648 /* Sources */,
				C62ADFD429ADA3B8006F0648 /* Frameworks */,
				C62ADFD529ADA3B8006F0648 /* Resources */,
			);
			buildRules = (
			);
			dependencies = (
			);
			name = Sample_Practise;
			productName = Sample_Practise;
			productReference = C62ADFD729ADA3B8006F0648 /* Sample_Practise.app */;
			productType = "com.apple.product-type.application";
		};
		C62ADFEC29ADA3BA006F0648 /* Sample_PractiseTests */ = {
			isa = PBXNativeTarget;
			buildConfigurationList = C62AE00429ADA3BA006F0648 /* Build configuration list for PBXNativeTarget "Sample_PractiseTests" */;
			buildPhases = (
				C62ADFE929ADA3BA006F0648 /* Sources */,
				C62ADFEA29ADA3BA006F0648 /* Frameworks */,
				C62ADFEB29ADA3BA006F0648 /* Resources */,
			);
			buildRules = (
			);
			dependencies = (
				C62ADFEF29ADA3BA006F0648 /* PBXTargetDependency */,
			);
			name = Sample_PractiseTests;
			productName = Sample_PractiseTests;
			productReference = C62ADFED29ADA3BA006F0648 /* Sample_PractiseTests.xctest */;
			productType = "com.apple.product-type.bundle.unit-test";
		};
		C62ADFF629ADA3BA006F0648 /* Sample_PractiseUITests */ = {
			isa = PBXNativeTarget;
			buildConfigurationList = C62AE00729ADA3BA006F0648 /* Build configuration list for PBXNativeTarget "Sample_PractiseUITests" */;
			buildPhases = (
				C62ADFF329ADA3BA006F0648 /* Sources */,
				C62ADFF429ADA3BA006F0648 /* Frameworks */,
				C62ADFF529ADA3BA006F0648 /* Resources */,
			);
			buildRules = (
			);
			dependencies = (
				C62ADFF929ADA3BA006F0648 /* PBXTargetDependency */,
			);
			name = Sample_PractiseUITests;
			productName = Sample_PractiseUITests;
			productReference = C62ADFF729ADA3BA006F0648 /* Sample_PractiseUITests.xctest */;
			productType = "com.apple.product-type.bundle.ui-testing";
		};
/* End PBXNativeTarget section */

/* Begin PBXProject section */
		C62ADFCF29ADA3B8006F0648 /* Project object */ = {
			isa = PBXProject;
			attributes = {
				BuildIndependentTargetsInParallel = 1;
				LastSwiftUpdateCheck = 1420;
				LastUpgradeCheck = 1420;
				TargetAttributes = {
					C62ADFD629ADA3B8006F0648 = {
						CreatedOnToolsVersion = 14.2;
					};
					C62ADFEC29ADA3BA006F0648 = {
						CreatedOnToolsVersion = 14.2;
						TestTargetID = C62ADFD629ADA3B8006F0648;
					};
					C62ADFF629ADA3BA006F0648 = {
						CreatedOnToolsVersion = 14.2;
						TestTargetID = C62ADFD629ADA3B8006F0648;
					};
				};
			};
			buildConfigurationList = C62ADFD229ADA3B8006F0648 /* Build configuration list for PBXProject "Sample_Practise" */;
			compatibilityVersion = "Xcode 14.0";
			developmentRegion = en;
			hasScannedForEncodings = 0;
			knownRegions = (
				en,
				Base,
			);
			mainGroup = C62ADFCE29ADA3B8006F0648;
			productRefGroup = C62ADFD829ADA3B8006F0648 /* Products */;
			projectDirPath = "";
			projectRoot = "";
			targets = (
				C62ADFD629ADA3B8006F0648 /* Sample_Practise */,
				C62ADFEC29ADA3BA006F0648 /* Sample_PractiseTests */,
				C62ADFF629ADA3BA006F0648 /* Sample_PractiseUITests */,
			);
		};
/* End PBXProject section */

/* Begin PBXResourcesBuildPhase section */
		C62ADFD529ADA3B8006F0648 /* Resources */ = {
			isa = PBXResourcesBuildPhase;
			buildActionMask = 2147483647;
			files = (
				C62ADFE729ADA3BA006F0648 /* LaunchScreen.storyboard in Resources */,
				C62ADFE429ADA3BA006F0648 /* Assets.xcassets in Resources */,
				C62ADFE229ADA3B8006F0648 /* Main.storyboard in Resources */,
			);
			runOnlyForDeploymentPostprocessing = 0;
		};
		C62ADFEB29ADA3BA006F0648 /* Resources */ = {
			isa = PBXResourcesBuildPhase;
			buildActionMask = 2147483647;
			files = (
			);
			runOnlyForDeploymentPostprocessing = 0;
		};
		C62ADFF529ADA3BA006F0648 /* Resources */ = {
			isa = PBXResourcesBuildPhase;
			buildActionMask = 2147483647;
			files = (
			);
			runOnlyForDeploymentPostprocessing = 0;
		};
/* End PBXResourcesBuildPhase section */

/* Begin PBXSourcesBuildPhase section */
		C62ADFD329ADA3B8006F0648 /* Sources */ = {
			isa = PBXSourcesBuildPhase;
			buildActionMask = 2147483647;
			files = (
				C62ADFDF29ADA3B8006F0648 /* ViewController.swift in Sources */,
				C62ADFDB29ADA3B8006F0648 /* AppDelegate.swift in Sources */,
				C62ADFDD29ADA3B8006F0648 /* SceneDelegate.swift in Sources */,
			);
			runOnlyForDeploymentPostprocessing = 0;
		};
		C62ADFE929ADA3BA006F0648 /* Sources */ = {
			isa = PBXSourcesBuildPhase;
			buildActionMask = 2147483647;
			files = (
				C62ADFF229ADA3BA006F0648 /* Sample_PractiseTests.swift in Sources */,
			);
			runOnlyForDeploymentPostprocessing = 0;
		};
		C62ADFF329ADA3BA006F0648 /* Sources */ = {
			isa = PBXSourcesBuildPhase;
			buildActionMask = 2147483647;
			files = (
				C62ADFFC29ADA3BA006F0648 /* Sample_PractiseUITests.swift in Sources */,
				C62ADFFE29ADA3BA006F0648 /* Sample_PractiseUITestsLaunchTests.swift in Sources */,
			);
			runOnlyForDeploymentPostprocessing = 0;
		};
/* End PBXSourcesBuildPhase section */

/* Begin PBXTargetDependency section */
		C62ADFEF29ADA3BA006F0648 /* PBXTargetDependency */ = {
			isa = PBXTargetDependency;
			target = C62ADFD629ADA3B8006F0648 /* Sample_Practise */;
			targetProxy = C62ADFEE29ADA3BA006F0648 /* PBXContainerItemProxy */;
		};
		C62ADFF929ADA3BA006F0648 /* PBXTargetDependency */ = {
			isa = PBXTargetDependency;
			target = C62ADFD629ADA3B8006F0648 /* Sample_Practise */;
			targetProxy = C62ADFF829ADA3BA006F0648 /* PBXContainerItemProxy */;
		};
/* End PBXTargetDependency section */

/* Begin PBXVariantGroup section */
		C62ADFE029ADA3B8006F0648 /* Main.storyboard */ = {
			isa = PBXVariantGroup;
			children = (
				C62ADFE129ADA3B8006F0648 /* Base */,
			);
			name = Main.storyboard;
			sourceTree = "<group>";
		};
		C62ADFE529ADA3BA006F0648 /* LaunchScreen.storyboard */ = {
			isa = PBXVariantGroup;
			children = (
				C62ADFE629ADA3BA006F0648 /* Base */,
			);
			name = LaunchScreen.storyboard;
			sourceTree = "<group>";
		};
/* End PBXVariantGroup section */

/* Begin XCBuildConfiguration section */
		C62ADFFF29ADA3BA006F0648 /* Debug */ = {
			isa = XCBuildConfiguration;
			buildSettings = {
				ALWAYS_SEARCH_USER_PATHS = NO;
				CLANG_ANALYZER_NONNULL = YES;
				CLANG_ANALYZER_NUMBER_OBJECT_CONVERSION = YES_AGGRESSIVE;
				CLANG_CXX_LANGUAGE_STANDARD = "gnu++20";
				CLANG_ENABLE_MODULES = YES;
				CLANG_ENABLE_OBJC_ARC = YES;
				CLANG_ENABLE_OBJC_WEAK = YES;
				CLANG_WARN_BLOCK_CAPTURE_AUTORELEASING = YES;
				CLANG_WARN_BOOL_CONVERSION = YES;
				CLANG_WARN_COMMA = YES;
				CLANG_WARN_CONSTANT_CONVERSION = YES;
				CLANG_WARN_DEPRECATED_OBJC_IMPLEMENTATIONS = YES;
				CLANG_WARN_DIRECT_OBJC_ISA_USAGE = YES_ERROR;
				CLANG_WARN_DOCUMENTATION_COMMENTS = YES;
				CLANG_WARN_EMPTY_BODY = YES;
				CLANG_WARN_ENUM_CONVERSION = YES;
				CLANG_WARN_INFINITE_RECURSION = YES;
				CLANG_WARN_INT_CONVERSION = YES;
				CLANG_WARN_NON_LITERAL_NULL_CONVERSION = YES;
				CLANG_WARN_OBJC_IMPLICIT_RETAIN_SELF = YES;
				CLANG_WARN_OBJC_LITERAL_CONVERSION = YES;
				CLANG_WARN_OBJC_ROOT_CLASS = YES_ERROR;
				CLANG_WARN_QUOTED_INCLUDE_IN_FRAMEWORK_HEADER = YES;
				CLANG_WARN_RANGE_LOOP_ANALYSIS = YES;
				CLANG_WARN_STRICT_PROTOTYPES = YES;
				CLANG_WARN_SUSPICIOUS_MOVE = YES;
				CLANG_WARN_UNGUARDED_AVAILABILITY = YES_AGGRESSIVE;
				CLANG_WARN_UNREACHABLE_CODE = YES;
				CLANG_WARN__DUPLICATE_METHOD_MATCH = YES;
				COPY_PHASE_STRIP = NO;
				DEBUG_INFORMATION_FORMAT = dwarf;
				ENABLE_STRICT_OBJC_MSGSEND = YES;
				ENABLE_TESTABILITY = YES;
				GCC_C_LANGUAGE_STANDARD = gnu11;
				GCC_DYNAMIC_NO_PIC = NO;
				GCC_NO_COMMON_BLOCKS = YES;
				GCC_OPTIMIZATION_LEVEL = 0;
				GCC_PREPROCESSOR_DEFINITIONS = (
					"DEBUG=1",
					"$(inherited)",
				);
				GCC_WARN_64_TO_32_BIT_CONVERSION = YES;
				GCC_WARN_ABOUT_RETURN_TYPE = YES_ERROR;
				GCC_WARN_UNDECLARED_SELECTOR = YES;
				GCC_WARN_UNINITIALIZED_AUTOS = YES_AGGRESSIVE;
				GCC_WARN_UNUSED_FUNCTION = YES;
				GCC_WARN_UNUSED_VARIABLE = YES;
				IPHONEOS_DEPLOYMENT_TARGET = 16.2;
				MTL_ENABLE_DEBUG_INFO = INCLUDE_SOURCE;
				MTL_FAST_MATH = YES;
				ONLY_ACTIVE_ARCH = YES;
				SDKROOT = iphoneos;
				SWIFT_ACTIVE_COMPILATION_CONDITIONS = DEBUG;
				SWIFT_OPTIMIZATION_LEVEL = "-Onone";
			};
			name = Debug;
		};
		C62AE00029ADA3BA006F0648 /* Release */ = {
			isa = XCBuildConfiguration;
			buildSettings = {
				ALWAYS_SEARCH_USER_PATHS = NO;
				CLANG_ANALYZER_NONNULL = YES;
				CLANG_ANALYZER_NUMBER_OBJECT_CONVERSION = YES_AGGRESSIVE;
				CLANG_CXX_LANGUAGE_STANDARD = "gnu++20";
				CLANG_ENABLE_MODULES = YES;
				CLANG_ENABLE_OBJC_ARC = YES;
				CLANG_ENABLE_OBJC_WEAK = YES;
				CLANG_WARN_BLOCK_CAPTURE_AUTORELEASING = YES;
				CLANG_WARN_BOOL_CONVERSION = YES;
				CLANG_WARN_COMMA = YES;
				CLANG_WARN_CONSTANT_CONVERSION = YES;
				CLANG_WARN_DEPRECATED_OBJC_IMPLEMENTATIONS = YES;
				CLANG_WARN_DIRECT_OBJC_ISA_USAGE = YES_ERROR;
				CLANG_WARN_DOCUMENTATION_COMMENTS = YES;
				CLANG_WARN_EMPTY_BODY = YES;
				CLANG_WARN_ENUM_CONVERSION = YES;
				CLANG_WARN_INFINITE_RECURSION = YES;
				CLANG_WARN_INT_CONVERSION = YES;
				CLANG_WARN_NON_LITERAL_NULL_CONVERSION = YES;
				CLANG_WARN_OBJC_IMPLICIT_RETAIN_SELF = YES;
				CLANG_WARN_OBJC_LITERAL_CONVERSION = YES;
				CLANG_WARN_OBJC_ROOT_CLASS = YES_ERROR;
				CLANG_WARN_QUOTED_INCLUDE_IN_FRAMEWORK_HEADER = YES;
				CLANG_WARN_RANGE_LOOP_ANALYSIS = YES;
				CLANG_WARN_STRICT_PROTOTYPES = YES;
				CLANG_WARN_SUSPICIOUS_MOVE = YES;
				CLANG_WARN_UNGUARDED_AVAILABILITY = YES_AGGRESSIVE;
				CLANG_WARN_UNREACHABLE_CODE = YES;
				CLANG_WARN__DUPLICATE_METHOD_MATCH = YES;
				COPY_PHASE_STRIP = NO;
				DEBUG_INFORMATION_FORMAT = "dwarf-with-dsym";
				ENABLE_NS_ASSERTIONS = NO;
				ENABLE_STRICT_OBJC_MSGSEND = YES;
				GCC_C_LANGUAGE_STANDARD = gnu11;
				GCC_NO_COMMON_BLOCKS = YES;
				GCC_WARN_64_TO_32_BIT_CONVERSION = YES;
				GCC_WARN_ABOUT_RETURN_TYPE = YES_ERROR;
				GCC_WARN_UNDECLARED_SELECTOR = YES;
				GCC_WARN_UNINITIALIZED_AUTOS = YES_AGGRESSIVE;
				GCC_WARN_UNUSED_FUNCTION = YES;
				GCC_WARN_UNUSED_VARIABLE = YES;
				IPHONEOS_DEPLOYMENT_TARGET = 16.2;
				MTL_ENABLE_DEBUG_INFO = NO;
				MTL_FAST_MATH = YES;
				SDKROOT = iphoneos;
				SWIFT_COMPILATION_MODE = wholemodule;
				SWIFT_OPTIMIZATION_LEVEL = "-O";
				VALIDATE_PRODUCT = YES;
			};
			name = Release;
		};
		C62AE00229ADA3BA006F0648 /* Debug */ = {
			isa = XCBuildConfiguration;
			buildSettings = {
				ASSETCATALOG_COMPILER_APPICON_NAME = AppIcon;
				ASSETCATALOG_COMPILER_GLOBAL_ACCENT_COLOR_NAME = AccentColor;
				CODE_SIGN_STYLE = Automatic;
				CURRENT_PROJECT_VERSION = 1;
				GENERATE_INFOPLIST_FILE = YES;
				INFOPLIST_FILE = Sample_Practise/Info.plist;
				INFOPLIST_KEY_CFBundleDisplayName = Sample_Practise;
				INFOPLIST_KEY_UIApplicationSupportsIndirectInputEvents = YES;
				INFOPLIST_KEY_UILaunchStoryboardName = LaunchScreen;
				INFOPLIST_KEY_UIMainStoryboardFile = Main;
				INFOPLIST_KEY_UISupportedInterfaceOrientations_iPad = "UIInterfaceOrientationPortrait UIInterfaceOrientationPortraitUpsideDown UIInterfaceOrientationLandscapeLeft UIInterfaceOrientationLandscapeRight";
				INFOPLIST_KEY_UISupportedInterfaceOrientations_iPhone = "UIInterfaceOrientationPortrait UIInterfaceOrientationLandscapeLeft UIInterfaceOrientationLandscapeRight";
				IPHONEOS_DEPLOYMENT_TARGET = 15.0;
				LD_RUNPATH_SEARCH_PATHS = (
					"$(inherited)",
					"@executable_path/Frameworks",
				);
				MARKETING_VERSION = 1.0;
				PRODUCT_BUNDLE_IDENTIFIER = "nwmsu.edu.Sample-Practise";
				PRODUCT_NAME = "$(TARGET_NAME)";
				SWIFT_EMIT_LOC_STRINGS = YES;
				SWIFT_VERSION = 5.0;
				TARGETED_DEVICE_FAMILY = "1,2";
			};
			name = Debug;
		};
		C62AE00329ADA3BA006F0648 /* Release */ = {
			isa = XCBuildConfiguration;
			buildSettings = {
				ASSETCATALOG_COMPILER_APPICON_NAME = AppIcon;
				ASSETCATALOG_COMPILER_GLOBAL_ACCENT_COLOR_NAME = AccentColor;
				CODE_SIGN_STYLE = Automatic;
				CURRENT_PROJECT_VERSION = 1;
				GENERATE_INFOPLIST_FILE = YES;
				INFOPLIST_FILE = Sample_Practise/Info.plist;
				INFOPLIST_KEY_CFBundleDisplayName = Sample_Practise;
				INFOPLIST_KEY_UIApplicationSupportsIndirectInputEvents = YES;
				INFOPLIST_KEY_UILaunchStoryboardName = LaunchScreen;
				INFOPLIST_KEY_UIMainStoryboardFile = Main;
				INFOPLIST_KEY_UISupportedInterfaceOrientations_iPad = "UIInterfaceOrientationPortrait UIInterfaceOrientationPortraitUpsideDown UIInterfaceOrientationLandscapeLeft UIInterfaceOrientationLandscapeRight";
				INFOPLIST_KEY_UISupportedInterfaceOrientations_iPhone = "UIInterfaceOrientationPortrait UIInterfaceOrientationLandscapeLeft UIInterfaceOrientationLandscapeRight";
				IPHONEOS_DEPLOYMENT_TARGET = 15.0;
				LD_RUNPATH_SEARCH_PATHS = (
					"$(inherited)",
					"@executable_path/Frameworks",
				);
				MARKETING_VERSION = 1.0;
				PRODUCT_BUNDLE_IDENTIFIER = "nwmsu.edu.Sample-Practise";
				PRODUCT_NAME = "$(TARGET_NAME)";
				SWIFT_EMIT_LOC_STRINGS = YES;
				SWIFT_VERSION = 5.0;
				TARGETED_DEVICE_FAMILY = "1,2";
			};
			name = Release;
		};
		C62AE00529ADA3BA006F0648 /* Debug */ = {
			isa = XCBuildConfiguration;
			buildSettings = {
				ALWAYS_EMBED_SWIFT_STANDARD_LIBRARIES = YES;
				BUNDLE_LOADER = "$(TEST_HOST)";
				CODE_SIGN_STYLE = Automatic;
				CURRENT_PROJECT_VERSION = 1;
				GENERATE_INFOPLIST_FILE = YES;
				IPHONEOS_DEPLOYMENT_TARGET = 16.2;
				MARKETING_VERSION = 1.0;
				PRODUCT_BUNDLE_IDENTIFIER = "nwmsu.edu.Sample-PractiseTests";
				PRODUCT_NAME = "$(TARGET_NAME)";
				SWIFT_EMIT_LOC_STRINGS = NO;
				SWIFT_VERSION = 5.0;
				TARGETED_DEVICE_FAMILY = "1,2";
				TEST_HOST = "$(BUILT_PRODUCTS_DIR)/Sample_Practise.app/$(BUNDLE_EXECUTABLE_FOLDER_PATH)/Sample_Practise";
			};
			name = Debug;
		};
		C62AE00629ADA3BA006F0648 /* Release */ = {
			isa = XCBuildConfiguration;
			buildSettings = {
				ALWAYS_EMBED_SWIFT_STANDARD_LIBRARIES = YES;
				BUNDLE_LOADER = "$(TEST_HOST)";
				CODE_SIGN_STYLE = Automatic;
				CURRENT_PROJECT_VERSION = 1;
				GENERATE_INFOPLIST_FILE = YES;
				IPHONEOS_DEPLOYMENT_TARGET = 16.2;
				MARKETING_VERSION = 1.0;
				PRODUCT_BUNDLE_IDENTIFIER = "nwmsu.edu.Sample-PractiseTests";
				PRODUCT_NAME = "$(TARGET_NAME)";
				SWIFT_EMIT_LOC_STRINGS = NO;
				SWIFT_VERSION = 5.0;
				TARGETED_DEVICE_FAMILY = "1,2";
				TEST_HOST = "$(BUILT_PRODUCTS_DIR)/Sample_Practise.app/$(BUNDLE_EXECUTABLE_FOLDER_PATH)/Sample_Practise";
			};
			name = Release;
		};
		C62AE00829ADA3BA006F0648 /* Debug */ = {
			isa = XCBuildConfiguration;
			buildSettings = {
				ALWAYS_EMBED_SWIFT_STANDARD_LIBRARIES = YES;
				CODE_SIGN_STYLE = Automatic;
				CURRENT_PROJECT_VERSION = 1;
				GENERATE_INFOPLIST_FILE = YES;
				MARKETING_VERSION = 1.0;
				PRODUCT_BUNDLE_IDENTIFIER = "nwmsu.edu.Sample-PractiseUITests";
				PRODUCT_NAME = "$(TARGET_NAME)";
				SWIFT_EMIT_LOC_STRINGS = NO;
				SWIFT_VERSION = 5.0;
				TARGETED_DEVICE_FAMILY = "1,2";
				TEST_TARGET_NAME = Sample_Practise;
			};
			name = Debug;
		};
		C62AE00929ADA3BA006F0648 /* Release */ = {
			isa = XCBuildConfiguration;
			buildSettings = {
				ALWAYS_EMBED_SWIFT_STANDARD_LIBRARIES = YES;
				CODE_SIGN_STYLE = Automatic;
				CURRENT_PROJECT_VERSION = 1;
				GENERATE_INFOPLIST_FILE = YES;
				MARKETING_VERSION = 1.0;
				PRODUCT_BUNDLE_IDENTIFIER = "nwmsu.edu.Sample-PractiseUITests";
				PRODUCT_NAME = "$(TARGET_NAME)";
				SWIFT_EMIT_LOC_STRINGS = NO;
				SWIFT_VERSION = 5.0;
				TARGETED_DEVICE_FAMILY = "1,2";
				TEST_TARGET_NAME = Sample_Practise;
			};
			name = Release;
		};
/* End XCBuildConfiguration section */

/* Begin XCConfigurationList section */
		C62ADFD229ADA3B8006F0648 /* Build configuration list for PBXProject "Sample_Practise" */ = {
			isa = XCConfigurationList;
			buildConfigurations = (
				C62ADFFF29ADA3BA006F0648 /* Debug */,
				C62AE00029ADA3BA006F0648 /* Release */,
			);
			defaultConfigurationIsVisible = 0;
			defaultConfigurationName = Release;
		};
		C62AE00129ADA3BA006F0648 /* Build configuration list for PBXNativeTarget "Sample_Practise" */ = {
			isa = XCConfigurationList;
			buildConfigurations = (
				C62AE00229ADA3BA006F0648 /* Debug */,
				C62AE00329ADA3BA006F0648 /* Release */,
			);
			defaultConfigurationIsVisible = 0;
			defaultConfigurationName = Release;
		};
		C62AE00429ADA3BA006F0648 /* Build configuration list for PBXNativeTarget "Sample_PractiseTests" */ = {
			isa = XCConfigurationList;
			buildConfigurations = (
				C62AE00529ADA3BA006F0648 /* Debug */,
				C62AE00629ADA3BA006F0648 /* Release */,
			);
			defaultConfigurationIsVisible = 0;
			defaultConfigurationName = Release;
		};
		C62AE00729ADA3BA006F0648 /* Build configuration list for PBXNativeTarget "Sample_PractiseUITests" */ = {
			isa = XCConfigurationList;
			buildConfigurations = (
				C62AE00829ADA3BA006F0648 /* Debug */,
				C62AE00929ADA3BA006F0648 /* Release */,
			);
			defaultConfigurationIsVisible = 0;
			defaultConfigurationName = Release;
		};
/* End XCConfigurationList section */
	};
	rootObject = C62ADFCF29ADA3B8006F0648 /* Project object */;
}
